Microsoft Visual Studio Solution File, Format Version 12.00
# Visual Studio Version 17
VisualStudioVersion = 17.5.2.0
MinimumVisualStudioVersion = 10.0.40219.1
Project("{FAE04EC0-301F-11D3-BF4B-00C04F79EFBC}") = "YoutubeTarefaApi", "YoutubeTarefaApi.csproj", "{2D17FA2B-EEB9-F31C-D567-E458B67E746A}"
EndProject
Global
	GlobalSection(SolutionConfigurationPlatforms) = preSolution
		Debug|Any CPU = Debug|Any CPU
		Release|Any CPU = Release|Any CPU
	EndGlobalSection
	GlobalSection(ProjectConfigurationPlatforms) = postSolution
		{2D17FA2B-EEB9-F31C-D567-E458B67E746A}.Debug|Any CPU.ActiveCfg = Debug|Any CPU
		{2D17FA2B-EEB9-F31C-D567-E458B67E746A}.Debug|Any CPU.Build.0 = Debug|Any CPU
		{2D17FA2B-EEB9-F31C-D567-E458B67E746A}.Release|Any CPU.ActiveCfg = Release|Any CPU
		{2D17FA2B-EEB9-F31C-D567-E458B67E746A}.Release|Any CPU.Build.0 = Release|Any CPU
	EndGlobalSection
	GlobalSection(SolutionProperties) = preSolution
		HideSolutionNode = FALSE
	EndGlobalSection
	GlobalSection(ExtensibilityGlobals) = postSolution
		SolutionGuid = {3A5FC310-9488-4F94-A63F-14D48DDEA003}
	EndGlobalSection
EndGlobal
